
Microsoft Visual Studio Solution File, Format Version 12.00
# Visual Studio 2013
VisualStudioVersion = 12.0.40629.0
MinimumVisualStudioVersion = 10.0.40219.1
Project("{FAE04EC0-301F-11D3-BF4B-00C04F79EFBC}") = "RPS Game", "RPS Game\RPS Game.csproj", "{826DB672-FED7-4FAD-84AD-31336295539F}"
EndProject
Project("{FAE04EC0-301F-11D3-BF4B-00C04F79EFBC}") = "Engine", "Engine\Engine.csproj", "{5297E8CD-906B-4F6B-ADBA-A6B849533E49}"
EndProject
Global
	GlobalSection(SolutionConfigurationPlatforms) = preSolution
		Debug|Any CPU = Debug|Any CPU
		Release|Any CPU = Release|Any CPU
	EndGlobalSection
	GlobalSection(ProjectConfigurationPlatforms) = postSolution
		{826DB672-FED7-4FAD-84AD-31336295539F}.Debug|Any CPU.ActiveCfg = Debug|Any CPU
		{826DB672-FED7-4FAD-84AD-31336295539F}.Debug|Any CPU.Build.0 = Debug|Any CPU
		{826DB672-FED7-4FAD-84AD-31336295539F}.Release|Any CPU.ActiveCfg = Release|Any CPU
		{826DB672-FED7-4FAD-84AD-31336295539F}.Release|Any CPU.Build.0 = Release|Any CPU
		{5297E8CD-906B-4F6B-ADBA-A6B849533E49}.Debug|Any CPU.ActiveCfg = Debug|Any CPU
		{5297E8CD-906B-4F6B-ADBA-A6B849533E49}.Debug|Any CPU.Build.0 = Debug|Any CPU
		{5297E8CD-906B-4F6B-ADBA-A6B849533E49}.Release|Any CPU.ActiveCfg = Release|Any CPU
		{5297E8CD-906B-4F6B-ADBA-A6B849533E49}.Release|Any CPU.Build.0 = Release|Any CPU
	EndGlobalSection
	GlobalSection(SolutionProperties) = preSolution
		HideSolutionNode = FALSE
	EndGlobalSection
EndGlobal
